
<<<<<<< HEAD
Microsoft Visual Studio Solution File, Format Version 12.00
# Visual Studio 2017
Project("{FAE04EC0-301F-11D3-BF4B-00C04F79EFBC}") = "bonus xp", "bonus xp.csproj", "{5FD878A7-9AB8-3900-8C54-22C3C3571F86}"
=======
Microsoft Visual Studio Solution File, Format Version 11.00
# Visual Studio 2010
Project("{FAE04EC0-301F-11D3-BF4B-00C04F79EFBC}") = "bonus xp", "Assembly-CSharp.csproj", "{5C720EB8-2660-098B-4BB7-86E7E340617B}"
>>>>>>> 175e758851336ee9c6d5d013dcda156797bff456
EndProject
Global
	GlobalSection(SolutionConfigurationPlatforms) = preSolution
		Debug|Any CPU = Debug|Any CPU
		Release|Any CPU = Release|Any CPU
	EndGlobalSection
	GlobalSection(ProjectConfigurationPlatforms) = postSolution
<<<<<<< HEAD
		{5FD878A7-9AB8-3900-8C54-22C3C3571F86}.Debug|Any CPU.ActiveCfg = Debug|Any CPU
		{5FD878A7-9AB8-3900-8C54-22C3C3571F86}.Debug|Any CPU.Build.0 = Debug|Any CPU
		{5FD878A7-9AB8-3900-8C54-22C3C3571F86}.Release|Any CPU.ActiveCfg = Release|Any CPU
		{5FD878A7-9AB8-3900-8C54-22C3C3571F86}.Release|Any CPU.Build.0 = Release|Any CPU
=======
		{5C720EB8-2660-098B-4BB7-86E7E340617B}.Debug|Any CPU.ActiveCfg = Debug|Any CPU
		{5C720EB8-2660-098B-4BB7-86E7E340617B}.Debug|Any CPU.Build.0 = Debug|Any CPU
		{5C720EB8-2660-098B-4BB7-86E7E340617B}.Release|Any CPU.ActiveCfg = Release|Any CPU
		{5C720EB8-2660-098B-4BB7-86E7E340617B}.Release|Any CPU.Build.0 = Release|Any CPU
>>>>>>> 175e758851336ee9c6d5d013dcda156797bff456
	EndGlobalSection
	GlobalSection(SolutionProperties) = preSolution
		HideSolutionNode = FALSE
	EndGlobalSection
<<<<<<< HEAD
=======
	GlobalSection(MonoDevelopProperties) = preSolution
		StartupItem = Assembly-CSharp.csproj
	EndGlobalSection
>>>>>>> 175e758851336ee9c6d5d013dcda156797bff456
EndGlobal
